
Microsoft Visual Studio Solution File, Format Version 12.00
# Visual Studio 14
VisualStudioVersion = 14.0.25420.1
MinimumVisualStudioVersion = 10.0.40219.1
Project("{2150E333-8FDC-42A3-9474-1A3956D46DE8}") = "Libraries", "Libraries", "{4B80128B-4613-44DC-B01B-64CCB7965734}"
EndProject
Project("{2150E333-8FDC-42A3-9474-1A3956D46DE8}") = ".nuget", ".nuget", "{89EC01DC-E650-436B-9FC4-D36C10B851B3}"
	ProjectSection(SolutionItems) = preProject
		.nuget\packages.config = .nuget\packages.config
	EndProjectSection
EndProject
Project("{FAE04EC0-301F-11D3-BF4B-00C04F79EFBC}") = "PowerArhitecture.DataAccess", "PowerArhitecture.DataAccess\PowerArhitecture.DataAccess.csproj", "{EDC983AB-2CDF-42EC-AD0B-EC3101A6D940}"
EndProject
Project("{FAE04EC0-301F-11D3-BF4B-00C04F79EFBC}") = "PowerArhitecture.Common", "PowerArhitecture.Common\PowerArhitecture.Common.csproj", "{B5BBCC23-238F-479C-9185-920F86FDE0D2}"
EndProject
Project("{FAE04EC0-301F-11D3-BF4B-00C04F79EFBC}") = "PowerArhitecture.Domain", "PowerArhitecture.Domain\PowerArhitecture.Domain.csproj", "{7BE609C2-FEBE-4428-8B2D-B1FD72B5F0E7}"
EndProject
Project("{2150E333-8FDC-42A3-9474-1A3956D46DE8}") = "Tests", "Tests", "{B4167F7F-6E9B-4E22-A654-EC616490670B}"
EndProject
Project("{FAE04EC0-301F-11D3-BF4B-00C04F79EFBC}") = "PowerArhitecture.Tests.DataAccess", "PowerArhitecture.Tests\PowerArhitecture.Tests.DataAccess\PowerArhitecture.Tests.DataAccess.csproj", "{78960A27-597C-4D94-93C1-65D34BB6B664}"
EndProject
Project("{FAE04EC0-301F-11D3-BF4B-00C04F79EFBC}") = "PowerArhitecture.Tests.Common", "PowerArhitecture.Tests\PowerArhitecture.Tests.Common\PowerArhitecture.Tests.Common.csproj", "{7B6DE807-7AB9-47B6-9289-21CFD6385D36}"
EndProject
Project("{FAE04EC0-301F-11D3-BF4B-00C04F79EFBC}") = "PowerArhitecture.Authentication", "PowerArhitecture.Authentication\PowerArhitecture.Authentication.csproj", "{33479929-7CC8-428B-91BD-D11745A7BE82}"
EndProject
Project("{FAE04EC0-301F-11D3-BF4B-00C04F79EFBC}") = "PowerArhitecture.Tests.Authentication", "PowerArhitecture.Tests\PowerArhitecture.Tests.Authentication\PowerArhitecture.Tests.Authentication.csproj", "{83E35568-8ED6-4D23-B0D5-ACBF1B1CF111}"
EndProject
Project("{FAE04EC0-301F-11D3-BF4B-00C04F79EFBC}") = "PowerArhitecture.Validation", "PowerArhitecture.Validation\PowerArhitecture.Validation.csproj", "{9370C544-6A85-41DC-B461-2BD12C43ECFE}"
EndProject
Project("{FAE04EC0-301F-11D3-BF4B-00C04F79EFBC}") = "PowerArhitecture.Tests.Validation", "PowerArhitecture.Tests\PowerArhitecture.Tests.Validation\PowerArhitecture.Tests.Validation.csproj", "{81380EBC-FCBD-4628-99D5-8E67FE438C6E}"
EndProject
Project("{FAE04EC0-301F-11D3-BF4B-00C04F79EFBC}") = "PowerArhitecture.Reporting", "PowerArhitecture.Reporting\PowerArhitecture.Reporting.csproj", "{0BBA258F-0685-457A-A317-49441CC5A803}"
EndProject
Project("{2150E333-8FDC-42A3-9474-1A3956D46DE8}") = "Solution Items", "Solution Items", "{4680450A-1719-42A8-AEA5-3D2DB60C95B8}"
	ProjectSection(SolutionItems) = preProject
		WebEssentials-Settings.json = WebEssentials-Settings.json
	EndProjectSection
EndProject
Project("{FAE04EC0-301F-11D3-BF4B-00C04F79EFBC}") = "PowerArhitecture.Breeze", "PowerArhitecture.Breeze\PowerArhitecture.Breeze.csproj", "{4666F6BA-632F-45BA-8990-131B5B0B16B1}"
EndProject
Project("{FAE04EC0-301F-11D3-BF4B-00C04F79EFBC}") = "PowerArhitecture.Tests.Breeze", "PowerArhitecture.Tests\PowerArhitecture.Tests.Breeze\PowerArhitecture.Tests.Breeze.csproj", "{D55014E8-73E8-4CCD-97AE-88EC3D0B4A19}"
EndProject
Project("{FAE04EC0-301F-11D3-BF4B-00C04F79EFBC}") = "PowerArhitecture.CodeList", "PowerArhitecture.CodeList\PowerArhitecture.CodeList.csproj", "{C5E29A7B-EF0F-4BDD-B516-4CD7D351EBB7}"
EndProject
Project("{FAE04EC0-301F-11D3-BF4B-00C04F79EFBC}") = "PowerArhitecture.Tests.CodeList", "PowerArhitecture.Tests\PowerArhitecture.Tests.CodeList\PowerArhitecture.Tests.CodeList.csproj", "{A5F74C36-45EC-4A98-84AE-A384186331C9}"
EndProject
Project("{FAE04EC0-301F-11D3-BF4B-00C04F79EFBC}") = "PowerArhitecture.WebApi", "PowerArhitecture.WebApi\PowerArhitecture.WebApi.csproj", "{FAF62C11-2B7E-4D9F-BCA9-02BAFE4239C8}"
EndProject
Project("{FAE04EC0-301F-11D3-BF4B-00C04F79EFBC}") = "PowerArhitecture.Tests.WebApi", "PowerArhitecture.Tests\PowerArhitecture.Tests.WebApi\PowerArhitecture.Tests.WebApi.csproj", "{46824DC4-7E1B-4359-9BFA-394F9FF29E6E}"
EndProject
Project("{FAE04EC0-301F-11D3-BF4B-00C04F79EFBC}") = "PowerArhitecture.Tests.WebApi.Server", "PowerArhitecture.Tests\PowerArhitecture.Tests.WebApi.Server\PowerArhitecture.Tests.WebApi.Server.csproj", "{DCC293EA-6B91-492A-B82B-E8A762FCD6AF}"
EndProject
Global
	GlobalSection(SolutionConfigurationPlatforms) = preSolution
		Debug|Any CPU = Debug|Any CPU
		OData-debug|Any CPU = OData-debug|Any CPU
		Release|Any CPU = Release|Any CPU
	EndGlobalSection
	GlobalSection(ProjectConfigurationPlatforms) = postSolution
		{EDC983AB-2CDF-42EC-AD0B-EC3101A6D940}.Debug|Any CPU.ActiveCfg = Debug|Any CPU
		{EDC983AB-2CDF-42EC-AD0B-EC3101A6D940}.Debug|Any CPU.Build.0 = Debug|Any CPU
		{EDC983AB-2CDF-42EC-AD0B-EC3101A6D940}.OData-debug|Any CPU.ActiveCfg = Release|Any CPU
		{EDC983AB-2CDF-42EC-AD0B-EC3101A6D940}.OData-debug|Any CPU.Build.0 = Release|Any CPU
		{EDC983AB-2CDF-42EC-AD0B-EC3101A6D940}.Release|Any CPU.ActiveCfg = Release|Any CPU
		{EDC983AB-2CDF-42EC-AD0B-EC3101A6D940}.Release|Any CPU.Build.0 = Release|Any CPU
		{B5BBCC23-238F-479C-9185-920F86FDE0D2}.Debug|Any CPU.ActiveCfg = Debug|Any CPU
		{B5BBCC23-238F-479C-9185-920F86FDE0D2}.Debug|Any CPU.Build.0 = Debug|Any CPU
		{B5BBCC23-238F-479C-9185-920F86FDE0D2}.OData-debug|Any CPU.ActiveCfg = Release|Any CPU
		{B5BBCC23-238F-479C-9185-920F86FDE0D2}.OData-debug|Any CPU.Build.0 = Release|Any CPU
		{B5BBCC23-238F-479C-9185-920F86FDE0D2}.Release|Any CPU.ActiveCfg = Release|Any CPU
		{B5BBCC23-238F-479C-9185-920F86FDE0D2}.Release|Any CPU.Build.0 = Release|Any CPU
		{7BE609C2-FEBE-4428-8B2D-B1FD72B5F0E7}.Debug|Any CPU.ActiveCfg = Debug|Any CPU
		{7BE609C2-FEBE-4428-8B2D-B1FD72B5F0E7}.Debug|Any CPU.Build.0 = Debug|Any CPU
		{7BE609C2-FEBE-4428-8B2D-B1FD72B5F0E7}.OData-debug|Any CPU.ActiveCfg = Release|Any CPU
		{7BE609C2-FEBE-4428-8B2D-B1FD72B5F0E7}.OData-debug|Any CPU.Build.0 = Release|Any CPU
		{7BE609C2-FEBE-4428-8B2D-B1FD72B5F0E7}.Release|Any CPU.ActiveCfg = Release|Any CPU
		{7BE609C2-FEBE-4428-8B2D-B1FD72B5F0E7}.Release|Any CPU.Build.0 = Release|Any CPU
		{78960A27-597C-4D94-93C1-65D34BB6B664}.Debug|Any CPU.ActiveCfg = Debug|Any CPU
		{78960A27-597C-4D94-93C1-65D34BB6B664}.Debug|Any CPU.Build.0 = Debug|Any CPU
		{78960A27-597C-4D94-93C1-65D34BB6B664}.OData-debug|Any CPU.ActiveCfg = Release|Any CPU
		{78960A27-597C-4D94-93C1-65D34BB6B664}.OData-debug|Any CPU.Build.0 = Release|Any CPU
		{78960A27-597C-4D94-93C1-65D34BB6B664}.Release|Any CPU.ActiveCfg = Release|Any CPU
		{78960A27-597C-4D94-93C1-65D34BB6B664}.Release|Any CPU.Build.0 = Release|Any CPU
		{7B6DE807-7AB9-47B6-9289-21CFD6385D36}.Debug|Any CPU.ActiveCfg = Debug|Any CPU
		{7B6DE807-7AB9-47B6-9289-21CFD6385D36}.Debug|Any CPU.Build.0 = Debug|Any CPU
		{7B6DE807-7AB9-47B6-9289-21CFD6385D36}.OData-debug|Any CPU.ActiveCfg = Release|Any CPU
		{7B6DE807-7AB9-47B6-9289-21CFD6385D36}.OData-debug|Any CPU.Build.0 = Release|Any CPU
		{7B6DE807-7AB9-47B6-9289-21CFD6385D36}.Release|Any CPU.ActiveCfg = Release|Any CPU
		{7B6DE807-7AB9-47B6-9289-21CFD6385D36}.Release|Any CPU.Build.0 = Release|Any CPU
		{33479929-7CC8-428B-91BD-D11745A7BE82}.Debug|Any CPU.ActiveCfg = Debug|Any CPU
		{33479929-7CC8-428B-91BD-D11745A7BE82}.Debug|Any CPU.Build.0 = Debug|Any CPU
		{33479929-7CC8-428B-91BD-D11745A7BE82}.OData-debug|Any CPU.ActiveCfg = Release|Any CPU
		{33479929-7CC8-428B-91BD-D11745A7BE82}.OData-debug|Any CPU.Build.0 = Release|Any CPU
		{33479929-7CC8-428B-91BD-D11745A7BE82}.Release|Any CPU.ActiveCfg = Release|Any CPU
		{33479929-7CC8-428B-91BD-D11745A7BE82}.Release|Any CPU.Build.0 = Release|Any CPU
		{83E35568-8ED6-4D23-B0D5-ACBF1B1CF111}.Debug|Any CPU.ActiveCfg = Debug|Any CPU
		{83E35568-8ED6-4D23-B0D5-ACBF1B1CF111}.Debug|Any CPU.Build.0 = Debug|Any CPU
		{83E35568-8ED6-4D23-B0D5-ACBF1B1CF111}.OData-debug|Any CPU.ActiveCfg = Release|Any CPU
		{83E35568-8ED6-4D23-B0D5-ACBF1B1CF111}.OData-debug|Any CPU.Build.0 = Release|Any CPU
		{83E35568-8ED6-4D23-B0D5-ACBF1B1CF111}.Release|Any CPU.ActiveCfg = Release|Any CPU
		{83E35568-8ED6-4D23-B0D5-ACBF1B1CF111}.Release|Any CPU.Build.0 = Release|Any CPU
		{9370C544-6A85-41DC-B461-2BD12C43ECFE}.Debug|Any CPU.ActiveCfg = Debug|Any CPU
		{9370C544-6A85-41DC-B461-2BD12C43ECFE}.Debug|Any CPU.Build.0 = Debug|Any CPU
		{9370C544-6A85-41DC-B461-2BD12C43ECFE}.OData-debug|Any CPU.ActiveCfg = Release|Any CPU
		{9370C544-6A85-41DC-B461-2BD12C43ECFE}.OData-debug|Any CPU.Build.0 = Release|Any CPU
		{9370C544-6A85-41DC-B461-2BD12C43ECFE}.Release|Any CPU.ActiveCfg = Release|Any CPU
		{9370C544-6A85-41DC-B461-2BD12C43ECFE}.Release|Any CPU.Build.0 = Release|Any CPU
		{81380EBC-FCBD-4628-99D5-8E67FE438C6E}.Debug|Any CPU.ActiveCfg = Debug|Any CPU
		{81380EBC-FCBD-4628-99D5-8E67FE438C6E}.Debug|Any CPU.Build.0 = Debug|Any CPU
		{81380EBC-FCBD-4628-99D5-8E67FE438C6E}.OData-debug|Any CPU.ActiveCfg = Release|Any CPU
		{81380EBC-FCBD-4628-99D5-8E67FE438C6E}.OData-debug|Any CPU.Build.0 = Release|Any CPU
		{81380EBC-FCBD-4628-99D5-8E67FE438C6E}.Release|Any CPU.ActiveCfg = Release|Any CPU
		{81380EBC-FCBD-4628-99D5-8E67FE438C6E}.Release|Any CPU.Build.0 = Release|Any CPU
		{0BBA258F-0685-457A-A317-49441CC5A803}.Debug|Any CPU.ActiveCfg = Debug|Any CPU
		{0BBA258F-0685-457A-A317-49441CC5A803}.Debug|Any CPU.Build.0 = Debug|Any CPU
		{0BBA258F-0685-457A-A317-49441CC5A803}.OData-debug|Any CPU.ActiveCfg = Release|Any CPU
		{0BBA258F-0685-457A-A317-49441CC5A803}.OData-debug|Any CPU.Build.0 = Release|Any CPU
		{0BBA258F-0685-457A-A317-49441CC5A803}.Release|Any CPU.ActiveCfg = Release|Any CPU
		{0BBA258F-0685-457A-A317-49441CC5A803}.Release|Any CPU.Build.0 = Release|Any CPU
		{4666F6BA-632F-45BA-8990-131B5B0B16B1}.Debug|Any CPU.ActiveCfg = Debug|Any CPU
		{4666F6BA-632F-45BA-8990-131B5B0B16B1}.Debug|Any CPU.Build.0 = Debug|Any CPU
		{4666F6BA-632F-45BA-8990-131B5B0B16B1}.OData-debug|Any CPU.ActiveCfg = Release|Any CPU
		{4666F6BA-632F-45BA-8990-131B5B0B16B1}.OData-debug|Any CPU.Build.0 = Release|Any CPU
		{4666F6BA-632F-45BA-8990-131B5B0B16B1}.Release|Any CPU.ActiveCfg = Release|Any CPU
		{4666F6BA-632F-45BA-8990-131B5B0B16B1}.Release|Any CPU.Build.0 = Release|Any CPU
		{D55014E8-73E8-4CCD-97AE-88EC3D0B4A19}.Debug|Any CPU.ActiveCfg = Debug|Any CPU
		{D55014E8-73E8-4CCD-97AE-88EC3D0B4A19}.Debug|Any CPU.Build.0 = Debug|Any CPU
		{D55014E8-73E8-4CCD-97AE-88EC3D0B4A19}.OData-debug|Any CPU.ActiveCfg = Release|Any CPU
		{D55014E8-73E8-4CCD-97AE-88EC3D0B4A19}.OData-debug|Any CPU.Build.0 = Release|Any CPU
		{D55014E8-73E8-4CCD-97AE-88EC3D0B4A19}.Release|Any CPU.ActiveCfg = Release|Any CPU
		{D55014E8-73E8-4CCD-97AE-88EC3D0B4A19}.Release|Any CPU.Build.0 = Release|Any CPU
		{C5E29A7B-EF0F-4BDD-B516-4CD7D351EBB7}.Debug|Any CPU.ActiveCfg = Debug|Any CPU
		{C5E29A7B-EF0F-4BDD-B516-4CD7D351EBB7}.Debug|Any CPU.Build.0 = Debug|Any CPU
		{C5E29A7B-EF0F-4BDD-B516-4CD7D351EBB7}.OData-debug|Any CPU.ActiveCfg = Release|Any CPU
		{C5E29A7B-EF0F-4BDD-B516-4CD7D351EBB7}.OData-debug|Any CPU.Build.0 = Release|Any CPU
		{C5E29A7B-EF0F-4BDD-B516-4CD7D351EBB7}.Release|Any CPU.ActiveCfg = Release|Any CPU
		{C5E29A7B-EF0F-4BDD-B516-4CD7D351EBB7}.Release|Any CPU.Build.0 = Release|Any CPU
		{A5F74C36-45EC-4A98-84AE-A384186331C9}.Debug|Any CPU.ActiveCfg = Debug|Any CPU
		{A5F74C36-45EC-4A98-84AE-A384186331C9}.Debug|Any CPU.Build.0 = Debug|Any CPU
		{A5F74C36-45EC-4A98-84AE-A384186331C9}.OData-debug|Any CPU.ActiveCfg = Release|Any CPU
		{A5F74C36-45EC-4A98-84AE-A384186331C9}.OData-debug|Any CPU.Build.0 = Release|Any CPU
		{A5F74C36-45EC-4A98-84AE-A384186331C9}.Release|Any CPU.ActiveCfg = Release|Any CPU
		{A5F74C36-45EC-4A98-84AE-A384186331C9}.Release|Any CPU.Build.0 = Release|Any CPU
		{FAF62C11-2B7E-4D9F-BCA9-02BAFE4239C8}.Debug|Any CPU.ActiveCfg = Debug|Any CPU
		{FAF62C11-2B7E-4D9F-BCA9-02BAFE4239C8}.Debug|Any CPU.Build.0 = Debug|Any CPU
		{FAF62C11-2B7E-4D9F-BCA9-02BAFE4239C8}.OData-debug|Any CPU.ActiveCfg = Release|Any CPU
		{FAF62C11-2B7E-4D9F-BCA9-02BAFE4239C8}.OData-debug|Any CPU.Build.0 = Release|Any CPU
		{FAF62C11-2B7E-4D9F-BCA9-02BAFE4239C8}.Release|Any CPU.ActiveCfg = Release|Any CPU
		{FAF62C11-2B7E-4D9F-BCA9-02BAFE4239C8}.Release|Any CPU.Build.0 = Release|Any CPU
		{46824DC4-7E1B-4359-9BFA-394F9FF29E6E}.Debug|Any CPU.ActiveCfg = Debug|Any CPU
		{46824DC4-7E1B-4359-9BFA-394F9FF29E6E}.Debug|Any CPU.Build.0 = Debug|Any CPU
		{46824DC4-7E1B-4359-9BFA-394F9FF29E6E}.OData-debug|Any CPU.ActiveCfg = Release|Any CPU
		{46824DC4-7E1B-4359-9BFA-394F9FF29E6E}.OData-debug|Any CPU.Build.0 = Release|Any CPU
		{46824DC4-7E1B-4359-9BFA-394F9FF29E6E}.Release|Any CPU.ActiveCfg = Release|Any CPU
		{46824DC4-7E1B-4359-9BFA-394F9FF29E6E}.Release|Any CPU.Build.0 = Release|Any CPU
		{DCC293EA-6B91-492A-B82B-E8A762FCD6AF}.Debug|Any CPU.ActiveCfg = Debug|Any CPU
		{DCC293EA-6B91-492A-B82B-E8A762FCD6AF}.Debug|Any CPU.Build.0 = Debug|Any CPU
		{DCC293EA-6B91-492A-B82B-E8A762FCD6AF}.OData-debug|Any CPU.ActiveCfg = Release|Any CPU
		{DCC293EA-6B91-492A-B82B-E8A762FCD6AF}.OData-debug|Any CPU.Build.0 = Release|Any CPU
		{DCC293EA-6B91-492A-B82B-E8A762FCD6AF}.Release|Any CPU.ActiveCfg = Release|Any CPU
		{DCC293EA-6B91-492A-B82B-E8A762FCD6AF}.Release|Any CPU.Build.0 = Release|Any CPU
	EndGlobalSection
	GlobalSection(SolutionProperties) = preSolution
		HideSolutionNode = FALSE
	EndGlobalSection
	GlobalSection(NestedProjects) = preSolution
		{EDC983AB-2CDF-42EC-AD0B-EC3101A6D940} = {4B80128B-4613-44DC-B01B-64CCB7965734}
		{B5BBCC23-238F-479C-9185-920F86FDE0D2} = {4B80128B-4613-44DC-B01B-64CCB7965734}
		{7BE609C2-FEBE-4428-8B2D-B1FD72B5F0E7} = {4B80128B-4613-44DC-B01B-64CCB7965734}
		{78960A27-597C-4D94-93C1-65D34BB6B664} = {B4167F7F-6E9B-4E22-A654-EC616490670B}
		{7B6DE807-7AB9-47B6-9289-21CFD6385D36} = {B4167F7F-6E9B-4E22-A654-EC616490670B}
		{33479929-7CC8-428B-91BD-D11745A7BE82} = {4B80128B-4613-44DC-B01B-64CCB7965734}
		{83E35568-8ED6-4D23-B0D5-ACBF1B1CF111} = {B4167F7F-6E9B-4E22-A654-EC616490670B}
		{9370C544-6A85-41DC-B461-2BD12C43ECFE} = {4B80128B-4613-44DC-B01B-64CCB7965734}
		{81380EBC-FCBD-4628-99D5-8E67FE438C6E} = {B4167F7F-6E9B-4E22-A654-EC616490670B}
		{0BBA258F-0685-457A-A317-49441CC5A803} = {4B80128B-4613-44DC-B01B-64CCB7965734}
		{4666F6BA-632F-45BA-8990-131B5B0B16B1} = {4B80128B-4613-44DC-B01B-64CCB7965734}
		{D55014E8-73E8-4CCD-97AE-88EC3D0B4A19} = {B4167F7F-6E9B-4E22-A654-EC616490670B}
		{C5E29A7B-EF0F-4BDD-B516-4CD7D351EBB7} = {4B80128B-4613-44DC-B01B-64CCB7965734}
		{A5F74C36-45EC-4A98-84AE-A384186331C9} = {B4167F7F-6E9B-4E22-A654-EC616490670B}
		{FAF62C11-2B7E-4D9F-BCA9-02BAFE4239C8} = {4B80128B-4613-44DC-B01B-64CCB7965734}
		{46824DC4-7E1B-4359-9BFA-394F9FF29E6E} = {B4167F7F-6E9B-4E22-A654-EC616490670B}
		{DCC293EA-6B91-492A-B82B-E8A762FCD6AF} = {B4167F7F-6E9B-4E22-A654-EC616490670B}
	EndGlobalSection
EndGlobal
